// !$*UTF8*$!
{
	archiveVersion = 1;
	classes = {
	};
	objectVersion = 46;
	objects = {

/* Begin PBXBuildFile section */
		C5D133F01BB32C5500B89035 /* AppDelegate.swift in Sources */ = {isa = PBXBuildFile; fileRef = C5D133EF1BB32C5500B89035 /* AppDelegate.swift */; };
		C5D133F21BB32C5500B89035 /* ViewController.swift in Sources */ = {isa = PBXBuildFile; fileRef = C5D133F11BB32C5500B89035 /* ViewController.swift */; };
		C5D133F51BB32C5500B89035 /* Main.storyboard in Resources */ = {isa = PBXBuildFile; fileRef = C5D133F31BB32C5500B89035 /* Main.storyboard */; };
		C5D133F71BB32C5600B89035 /* Images.xcassets in Resources */ = {isa = PBXBuildFile; fileRef = C5D133F61BB32C5600B89035 /* Images.xcassets */; };
		C5D133FA1BB32C5600B89035 /* LaunchScreen.xib in Resources */ = {isa = PBXBuildFile; fileRef = C5D133F81BB32C5600B89035 /* LaunchScreen.xib */; };
		C5D134061BB32C5600B89035 /* favorite_PlacesTests.swift in Sources */ = {isa = PBXBuildFile; fileRef = C5D134051BB32C5600B89035 /* favorite_PlacesTests.swift */; };
		C5D134101BB32CA300B89035 /* CoreLocation.framework in Frameworks */ = {isa = PBXBuildFile; fileRef = C5D1340F1BB32CA300B89035 /* CoreLocation.framework */; };
/* End PBXBuildFile section */

/* Begin PBXContainerItemProxy section */
		C5D134001BB32C5600B89035 /* PBXContainerItemProxy */ = {
			isa = PBXContainerItemProxy;
			containerPortal = C5D133E21BB32C5500B89035 /* Project object */;
			proxyType = 1;
			remoteGlobalIDString = C5D133E91BB32C5500B89035;
			remoteInfo = "favorite Places";
		};
/* End PBXContainerItemProxy section */

/* Begin PBXFileReference section */
		C5D133EA1BB32C5500B89035 /* favorite Places.app */ = {isa = PBXFileReference; explicitFileType = wrapper.application; includeInIndex = 0; path = "favorite Places.app"; sourceTree = BUILT_PRODUCTS_DIR; };
		C5D133EE1BB32C5500B89035 /* Info.plist */ = {isa = PBXFileReference; lastKnownFileType = text.plist.xml; path = Info.plist; sourceTree = "<group>"; };
		C5D133EF1BB32C5500B89035 /* AppDelegate.swift */ = {isa = PBXFileReference; lastKnownFileType = sourcecode.swift; path = AppDelegate.swift; sourceTree = "<group>"; };
		C5D133F11BB32C5500B89035 /* ViewController.swift */ = {isa = PBXFileReference; lastKnownFileType = sourcecode.swift; path = ViewController.swift; sourceTree = "<group>"; };
		C5D133F41BB32C5500B89035 /* Base */ = {isa = PBXFileReference; lastKnownFileType = file.storyboard; name = Base; path = Base.lproj/Main.storyboard; sourceTree = "<group>"; };
		C5D133F61BB32C5600B89035 /* Images.xcassets */ = {isa = PBXFileReference; lastKnownFileType = folder.assetcatalog; path = Images.xcassets; sourceTree = "<group>"; };
		C5D133F91BB32C5600B89035 /* Base */ = {isa = PBXFileReference; lastKnownFileType = file.xib; name = Base; path = Base.lproj/LaunchScreen.xib; sourceTree = "<group>"; };
		C5D133FF1BB32C5600B89035 /* favorite PlacesTests.xctest */ = {isa = PBXFileReference; explicitFileType = wrapper.cfbundle; includeInIndex = 0; path = "favorite PlacesTests.xctest"; sourceTree = BUILT_PRODUCTS_DIR; };
		C5D134041BB32C5600B89035 /* Info.plist */ = {isa = PBXFileReference; lastKnownFileType = text.plist.xml; path = Info.plist; sourceTree = "<group>"; };
		C5D134051BB32C5600B89035 /* favorite_PlacesTests.swift */ = {isa = PBXFileReference; lastKnownFileType = sourcecode.swift; path = favorite_PlacesTests.swift; sourceTree = "<group>"; };
		C5D1340F1BB32CA300B89035 /* CoreLocation.framework */ = {isa = PBXFileReference; lastKnownFileType = wrapper.framework; name = CoreLocation.framework; path = System/Library/Frameworks/CoreLocation.framework; sourceTree = SDKROOT; };
/* End PBXFileReference section */

/* Begin PBXFrameworksBuildPhase section */
		C5D133E71BB32C5500B89035 /* Frameworks */ = {
			isa = PBXFrameworksBuildPhase;
			buildActionMask = 2147483647;
			files = (
				C5D134101BB32CA300B89035 /* CoreLocation.framework in Frameworks */,
			);
			runOnlyForDeploymentPostprocessing = 0;
		};
		C5D133FC1BB32C5600B89035 /* Frameworks */ = {
			isa = PBXFrameworksBuildPhase;
			buildActionMask = 2147483647;
			files = (
			);
			runOnlyForDeploymentPostprocessing = 0;
		};
/* End PBXFrameworksBuildPhase section */

/* Begin PBXGroup section */
		C5D133E11BB32C5500B89035 = {
			isa = PBXGroup;
			children = (
				C5D1340F1BB32CA300B89035 /* CoreLocation.framework */,
				C5D133EC1BB32C5500B89035 /* favorite Places */,
				C5D134021BB32C5600B89035 /* favorite PlacesTests */,
				C5D133EB1BB32C5500B89035 /* Products */,
			);
			sourceTree = "<group>";
		};
		C5D133EB1BB32C5500B89035 /* Products */ = {
			isa = PBXGroup;
			children = (
				C5D133EA1BB32C5500B89035 /* favorite Places.app */,
				C5D133FF1BB32C5600B89035 /* favorite PlacesTests.xctest */,
			);
			name = Products;
			sourceTree = "<group>";
		};
		C5D133EC1BB32C5500B89035 /* favorite Places */ = {
			isa = PBXGroup;
			children = (
				C5D133EF1BB32C5500B89035 /* AppDelegate.swift */,
				C5D133F11BB32C5500B89035 /* ViewController.swift */,
				C5D133F31BB32C5500B89035 /* Main.storyboard */,
				C5D133F61BB32C5600B89035 /* Images.xcassets */,
				C5D133F81BB32C5600B89035 /* LaunchScreen.xib */,
				C5D133ED1BB32C5500B89035 /* Supporting Files */,
			);
			path = "favorite Places";
			sourceTree = "<group>";
		};
		C5D133ED1BB32C5500B89035 /* Supporting Files */ = {
			isa = PBXGroup;
			children = (
				C5D133EE1BB32C5500B89035 /* Info.plist */,
			);
			name = "Supporting Files";
			sourceTree = "<group>";
		};
		C5D134021BB32C5600B89035 /* favorite PlacesTests */ = {
			isa = PBXGroup;
			children = (
				C5D134051BB32C5600B89035 /* favorite_PlacesTests.swift */,
				C5D134031BB32C5600B89035 /* Supporting Files */,
			);
			path = "favorite PlacesTests";
			sourceTree = "<group>";
		};
		C5D134031BB32C5600B89035 /* Supporting Files */ = {
			isa = PBXGroup;
			children = (
				C5D134041BB32C5600B89035 /* Info.plist */,
			);
			name = "Supporting Files";
			sourceTree = "<group>";
		};
/* End PBXGroup section */

/* Begin PBXNativeTarget section */
		C5D133E91BB32C5500B89035 /* favorite Places */ = {
			isa = PBXNativeTarget;
			buildConfigurationList = C5D134091BB32C5600B89035 /* Build configuration list for PBXNativeTarget "favorite Places" */;
			buildPhases = (
				C5D133E61BB32C5500B89035 /* Sources */,
				C5D133E71BB32C5500B89035 /* Frameworks */,
				C5D133E81BB32C5500B89035 /* Resources */,
			);
			buildRules = (
			);
			dependencies = (
			);
			name = "favorite Places";
			productName = "favorite Places";
			productReference = C5D133EA1BB32C5500B89035 /* favorite Places.app */;
			productType = "com.apple.product-type.application";
		};
		C5D133FE1BB32C5600B89035 /* favorite PlacesTests */ = {
			isa = PBXNativeTarget;
			buildConfigurationList = C5D1340C1BB32C5600B89035 /* Build configuration list for PBXNativeTarget "favorite PlacesTests" */;
			buildPhases = (
				C5D133FB1BB32C5600B89035 /* Sources */,
				C5D133FC1BB32C5600B89035 /* Frameworks */,
				C5D133FD1BB32C5600B89035 /* Resources */,
			);
			buildRules = (
			);
			dependencies = (
				C5D134011BB32C5600B89035 /* PBXTargetDependency */,
			);
			name = "favorite PlacesTests";
			productName = "favorite PlacesTests";
			productReference = C5D133FF1BB32C5600B89035 /* favorite PlacesTests.xctest */;
			productType = "com.apple.product-type.bundle.unit-test";
		};
/* End PBXNativeTarget section */

/* Begin PBXProject section */
		C5D133E21BB32C5500B89035 /* Project object */ = {
			isa = PBXProject;
			attributes = {
				LastUpgradeCheck = 0630;
				ORGANIZATIONNAME = "Gulherme Cintra";
				TargetAttributes = {
					C5D133E91BB32C5500B89035 = {
						CreatedOnToolsVersion = 6.3;
					};
					C5D133FE1BB32C5600B89035 = {
						CreatedOnToolsVersion = 6.3;
						TestTargetID = C5D133E91BB32C5500B89035;
					};
				};
			};
			buildConfigurationList = C5D133E51BB32C5500B89035 /* Build configuration list for PBXProject "favorite Places" */;
			compatibilityVersion = "Xcode 3.2";
			developmentRegion = English;
			hasScannedForEncodings = 0;
			knownRegions = (
				en,
				Base,
			);
			mainGroup = C5D133E11BB32C5500B89035;
			productRefGroup = C5D133EB1BB32C5500B89035 /* Products */;
			projectDirPath = "";
			projectRoot = "";
			targets = (
				C5D133E91BB32C5500B89035 /* favorite Places */,
				C5D133FE1BB32C5600B89035 /* favorite PlacesTests */,
			);
		};
/* End PBXProject section */

/* Begin PBXResourcesBuildPhase section */
		C5D133E81BB32C5500B89035 /* Resources */ = {
			isa = PBXResourcesBuildPhase;
			buildActionMask = 2147483647;
			files = (
				C5D133F51BB32C5500B89035 /* Main.storyboard in Resources */,
				C5D133FA1BB32C5600B89035 /* LaunchScreen.xib in Resources */,
				C5D133F71BB32C5600B89035 /* Images.xcassets in Resources */,
			);
			runOnlyForDeploymentPostprocessing = 0;
		};
		C5D133FD1BB32C5600B89035 /* Resources */ = {
			isa = PBXResourcesBuildPhase;
			buildActionMask = 2147483647;
			files = (
			);
			runOnlyForDeploymentPostprocessing = 0;
		};
/* End PBXResourcesBuildPhase section */

/* Begin PBXSourcesBuildPhase section */
		C5D133E61BB32C5500B89035 /* Sources */ = {
			isa = PBXSourcesBuildPhase;
			buildActionMask = 2147483647;
			files = (
				C5D133F21BB32C5500B89035 /* ViewController.swift in Sources */,
				C5D133F01BB32C5500B89035 /* AppDelegate.swift in Sources */,
			);
			runOnlyForDeploymentPostprocessing = 0;
		};
		C5D133FB1BB32C5600B89035 /* Sources */ = {
			isa = PBXSourcesBuildPhase;
			buildActionMask = 2147483647;
			files = (
				C5D134061BB32C5600B89035 /* favorite_PlacesTests.swift in Sources */,
			);
			runOnlyForDeploymentPostprocessing = 0;
		};
/* End PBXSourcesBuildPhase section */

/* Begin PBXTargetDependency section */
		C5D134011BB32C5600B89035 /* PBXTargetDependency */ = {
			isa = PBXTargetDependency;
			target = C5D133E91BB32C5500B89035 /* favorite Places */;
			targetProxy = C5D134001BB32C5600B89035 /* PBXContainerItemProxy */;
		};
/* End PBXTargetDependency section */

/* Begin PBXVariantGroup section */
		C5D133F31BB32C5500B89035 /* Main.storyboard */ = {
			isa = PBXVariantGroup;
			children = (
				C5D133F41BB32C5500B89035 /* Base */,
			);
			name = Main.storyboard;
			sourceTree = "<group>";
		};
		C5D133F81BB32C5600B89035 /* LaunchScreen.xib */ = {
			isa = PBXVariantGroup;
			children = (
				C5D133F91BB32C5600B89035 /* Base */,
			);
			name = LaunchScreen.xib;
			sourceTree = "<group>";
		};
/* End PBXVariantGroup section */

/* Begin XCBuildConfiguration section */
		C5D134071BB32C5600B89035 /* Debug */ = {
			isa = XCBuildConfiguration;
			buildSettings = {
				ALWAYS_SEARCH_USER_PATHS = NO;
				CLANG_CXX_LANGUAGE_STANDARD = "gnu++0x";
				CLANG_CXX_LIBRARY = "libc++";
				CLANG_ENABLE_MODULES = YES;
				CLANG_ENABLE_OBJC_ARC = YES;
				CLANG_WARN_BOOL_CONVERSION = YES;
				CLANG_WARN_CONSTANT_CONVERSION = YES;
				CLANG_WARN_DIRECT_OBJC_ISA_USAGE = YES_ERROR;
				CLANG_WARN_EMPTY_BODY = YES;
				CLANG_WARN_ENUM_CONVERSION = YES;
				CLANG_WARN_INT_CONVERSION = YES;
				CLANG_WARN_OBJC_ROOT_CLASS = YES_ERROR;
				CLANG_WARN_UNREACHABLE_CODE = YES;
				CLANG_WARN__DUPLICATE_METHOD_MATCH = YES;
				"CODE_SIGN_IDENTITY[sdk=iphoneos*]" = "iPhone Developer";
				COPY_PHASE_STRIP = NO;
				DEBUG_INFORMATION_FORMAT = "dwarf-with-dsym";
				ENABLE_STRICT_OBJC_MSGSEND = YES;
				GCC_C_LANGUAGE_STANDARD = gnu99;
				GCC_DYNAMIC_NO_PIC = NO;
				GCC_NO_COMMON_BLOCKS = YES;
				GCC_OPTIMIZATION_LEVEL = 0;
				GCC_PREPROCESSOR_DEFINITIONS = (
					"DEBUG=1",
					"$(inherited)",
				);
				GCC_SYMBOLS_PRIVATE_EXTERN = NO;
				GCC_WARN_64_TO_32_BIT_CONVERSION = YES;
				GCC_WARN_ABOUT_RETURN_TYPE = YES_ERROR;
				GCC_WARN_UNDECLARED_SELECTOR = YES;
				GCC_WARN_UNINITIALIZED_AUTOS = YES_AGGRESSIVE;
				GCC_WARN_UNUSED_FUNCTION = YES;
				GCC_WARN_UNUSED_VARIABLE = YES;
				IPHONEOS_DEPLOYMENT_TARGET = 8.3;
				MTL_ENABLE_DEBUG_INFO = YES;
				ONLY_ACTIVE_ARCH = YES;
				SDKROOT = iphoneos;
				SWIFT_OPTIMIZATION_LEVEL = "-Onone";
			};
			name = Debug;
		};
		C5D134081BB32C5600B89035 /* Release */ = {
			isa = XCBuildConfiguration;
			buildSettings = {
				ALWAYS_SEARCH_USER_PATHS = NO;
				CLANG_CXX_LANGUAGE_STANDARD = "gnu++0x";
				CLANG_CXX_LIBRARY = "libc++";
				CLANG_ENABLE_MODULES = YES;
				CLANG_ENABLE_OBJC_ARC = YES;
				CLANG_WARN_BOOL_CONVERSION = YES;
				CLANG_WARN_CONSTANT_CONVERSION = YES;
				CLANG_WARN_DIRECT_OBJC_ISA_USAGE = YES_ERROR;
				CLANG_WARN_EMPTY_BODY = YES;
				CLANG_WARN_ENUM_CONVERSION = YES;
				CLANG_WARN_INT_CONVERSION = YES;
				CLANG_WARN_OBJC_ROOT_CLASS = YES_ERROR;
				CLANG_WARN_UNREACHABLE_CODE = YES;
				CLANG_WARN__DUPLICATE_METHOD_MATCH = YES;
				"CODE_SIGN_IDENTITY[sdk=iphoneos*]" = "iPhone Developer";
				COPY_PHASE_STRIP = NO;
				DEBUG_INFORMATION_FORMAT = "dwarf-with-dsym";
				ENABLE_NS_ASSERTIONS = NO;
				ENABLE_STRICT_OBJC_MSGSEND = YES;
				GCC_C_LANGUAGE_STANDARD = gnu99;
				GCC_NO_COMMON_BLOCKS = YES;
				GCC_WARN_64_TO_32_BIT_CONVERSION = YES;
				GCC_WARN_ABOUT_RETURN_TYPE = YES_ERROR;
				GCC_WARN_UNDECLARED_SELECTOR = YES;
				GCC_WARN_UNINITIALIZED_AUTOS = YES_AGGRESSIVE;
				GCC_WARN_UNUSED_FUNCTION = YES;
				GCC_WARN_UNUSED_VARIABLE = YES;
				IPHONEOS_DEPLOYMENT_TARGET = 8.3;
				MTL_ENABLE_DEBUG_INFO = NO;
				SDKROOT = iphoneos;
				VALIDATE_PRODUCT = YES;
			};
			name = Release;
		};
		C5D1340A1BB32C5600B89035 /* Debug */ = {
			isa = XCBuildConfiguration;
			buildSettings = {
				ASSETCATALOG_COMPILER_APPICON_NAME = AppIcon;
				INFOPLIST_FILE = "favorite Places/Info.plist";
				IPHONEOS_DEPLOYMENT_TARGET = 8.0;
				LD_RUNPATH_SEARCH_PATHS = "$(inherited) @executable_path/Frameworks";
				PRODUCT_NAME = "$(TARGET_NAME)";
			};
			name = Debug;
		};
		C5D1340B1BB32C5600B89035 /* Release */ = {
			isa = XCBuildConfiguration;
			buildSettings = {
				ASSETCATALOG_COMPILER_APPICON_NAME = AppIcon;
				INFOPLIST_FILE = "favorite Places/Info.plist";
				IPHONEOS_DEPLOYMENT_TARGET = 8.0;
				LD_RUNPATH_SEARCH_PATHS = "$(inherited) @executable_path/Frameworks";
				PRODUCT_NAME = "$(TARGET_NAME)";
			};
			name = Release;
		};
		C5D1340D1BB32C5600B89035 /* Debug */ = {
			isa = XCBuildConfiguration;
			buildSettings = {
				BUNDLE_LOADER = "$(TEST_HOST)";
				FRAMEWORK_SEARCH_PATHS = (
					"$(SDKROOT)/Developer/Library/Frameworks",
					"$(inherited)",
				);
				GCC_PREPROCESSOR_DEFINITIONS = (
					"DEBUG=1",
					"$(inherited)",
				);
				INFOPLIST_FILE = "favorite PlacesTests/Info.plist";
				LD_RUNPATH_SEARCH_PATHS = "$(inherited) @executable_path/Frameworks @loader_path/Frameworks";
				PRODUCT_NAME = "$(TARGET_NAME)";
				TEST_HOST = "$(BUILT_PRODUCTS_DIR)/favorite Places.app/favorite Places";
			};
			name = Debug;
		};
		C5D1340E1BB32C5600B89035 /* Release */ = {
			isa = XCBuildConfiguration;
			buildSettings = {
				BUNDLE_LOADER = "$(TEST_HOST)";
				FRAMEWORK_SEARCH_PATHS = (
					"$(SDKROOT)/Developer/Library/Frameworks",
					"$(inherited)",
				);
				INFOPLIST_FILE = "favorite PlacesTests/Info.plist";
				LD_RUNPATH_SEARCH_PATHS = "$(inherited) @executable_path/Frameworks @loader_path/Frameworks";
				PRODUCT_NAME = "$(TARGET_NAME)";
				TEST_HOST = "$(BUILT_PRODUCTS_DIR)/favorite Places.app/favorite Places";
			};
			name = Release;
		};
/* End XCBuildConfiguration section */

/* Begin XCConfigurationList section */
		C5D133E51BB32C5500B89035 /* Build configuration list for PBXProject "favorite Places" */ = {
			isa = XCConfigurationList;
			buildConfigurations = (
				C5D134071BB32C5600B89035 /* Debug */,
				C5D134081BB32C5600B89035 /* Release */,
			);
			defaultConfigurationIsVisible = 0;
			defaultConfigurationName = Release;
		};
		C5D134091BB32C5600B89035 /* Build configuration list for PBXNativeTarget "favorite Places" */ = {
			isa = XCConfigurationList;
			buildConfigurations = (
				C5D1340A1BB32C5600B89035 /* Debug */,
				C5D1340B1BB32C5600B89035 /* Release */,
			);
			defaultConfigurationIsVisible = 0;
		};
		C5D1340C1BB32C5600B89035 /* Build configuration list for PBXNativeTarget "favorite PlacesTests" */ = {
			isa = XCConfigurationList;
			buildConfigurations = (
				C5D1340D1BB32C5600B89035 /* Debug */,
				C5D1340E1BB32C5600B89035 /* Release */,
			);
			defaultConfigurationIsVisible = 0;
		};
/* End XCConfigurationList section */
	};
	rootObject = C5D133E21BB32C5500B89035 /* Project object */;
}
